{
	"name": "myapp",
	"version": "0.0.1",
	"lockfileVersion": 1,
	"requires": true,
	"dependencies": {
		"react-native-swiper2": {
			"version": "2.0.7",
			"resolved": "http://registry.npm.taobao.org/react-native-swiper2/download/react-native-swiper2-2.0.7.tgz",
			"integrity": "sha1-sYRYMTiZ7ZJ+rijNaDVcNuP8gdM=",
			"requires": {
				"react-timer-mixin": "0.13.4"
			}
		},
		"react-timer-mixin": {
			"version": "0.13.4",
			"resolved": "http://registry.npm.taobao.org/react-timer-mixin/download/react-timer-mixin-0.13.4.tgz",
			"integrity": "sha1-daAMPJTBOr4ptD1jtMZaiPyCZNM="
		}
	}
}
